
Microsoft Visual Studio Solution File, Format Version 12.00
# Visual Studio Version 16
VisualStudioVersion = 16.0.28917.181
MinimumVisualStudioVersion = 10.0.40219.1
Project("{FAE04EC0-301F-11D3-BF4B-00C04F79EFBC}") = "PgSharper", "PgSharper\PgSharper.csproj", "{C8889BA1-87E6-4AEB-AC85-94FA0981739B}"
EndProject
Project("{FAE04EC0-301F-11D3-BF4B-00C04F79EFBC}") = "PgSharper.Core", "PgSharper.Core\PgSharper.Core.csproj", "{D8184A64-1BFD-4B52-B6BA-5139FD205E59}"
EndProject
Global
	GlobalSection(SolutionConfigurationPlatforms) = preSolution
		Debug|Any CPU = Debug|Any CPU
		Release|Any CPU = Release|Any CPU
	EndGlobalSection
	GlobalSection(ProjectConfigurationPlatforms) = postSolution
		{C8889BA1-87E6-4AEB-AC85-94FA0981739B}.Debug|Any CPU.ActiveCfg = Debug|Any CPU
		{C8889BA1-87E6-4AEB-AC85-94FA0981739B}.Debug|Any CPU.Build.0 = Debug|Any CPU
		{C8889BA1-87E6-4AEB-AC85-94FA0981739B}.Release|Any CPU.ActiveCfg = Release|Any CPU
		{C8889BA1-87E6-4AEB-AC85-94FA0981739B}.Release|Any CPU.Build.0 = Release|Any CPU
		{D8184A64-1BFD-4B52-B6BA-5139FD205E59}.Debug|Any CPU.ActiveCfg = Debug|Any CPU
		{D8184A64-1BFD-4B52-B6BA-5139FD205E59}.Debug|Any CPU.Build.0 = Debug|Any CPU
		{D8184A64-1BFD-4B52-B6BA-5139FD205E59}.Release|Any CPU.ActiveCfg = Release|Any CPU
		{D8184A64-1BFD-4B52-B6BA-5139FD205E59}.Release|Any CPU.Build.0 = Release|Any CPU
	EndGlobalSection
	GlobalSection(SolutionProperties) = preSolution
		HideSolutionNode = FALSE
	EndGlobalSection
	GlobalSection(ExtensibilityGlobals) = postSolution
		SolutionGuid = {B4BF997E-D171-408C-8DCF-47107896708B}
	EndGlobalSection
EndGlobal
